// !$*UTF8*$!
{
	archiveVersion = 1;
	classes = {
	};
	objectVersion = 46;
	objects = {

/* Begin PBXBuildFile section */
		8EB70E781D0906DE00CF86C6 /* main.m in Sources */ = {isa = PBXBuildFile; fileRef = 8EB70E771D0906DE00CF86C6 /* main.m */; };
		8EB70E7B1D0906DE00CF86C6 /* AppDelegate.m in Sources */ = {isa = PBXBuildFile; fileRef = 8EB70E7A1D0906DE00CF86C6 /* AppDelegate.m */; };
		8EB70E811D0906DE00CF86C6 /* Main.storyboard in Resources */ = {isa = PBXBuildFile; fileRef = 8EB70E7F1D0906DE00CF86C6 /* Main.storyboard */; };
		8EB70E831D0906DE00CF86C6 /* Assets.xcassets in Resources */ = {isa = PBXBuildFile; fileRef = 8EB70E821D0906DE00CF86C6 /* Assets.xcassets */; };
		8EB70E861D0906DE00CF86C6 /* LaunchScreen.storyboard in Resources */ = {isa = PBXBuildFile; fileRef = 8EB70E841D0906DE00CF86C6 /* LaunchScreen.storyboard */; };
		8EB70E8F1D0907BF00CF86C6 /* DataCenter.m in Sources */ = {isa = PBXBuildFile; fileRef = 8EB70E8E1D0907BF00CF86C6 /* DataCenter.m */; };
		8EB70E921D090DC200CF86C6 /* EditngTableViewController.m in Sources */ = {isa = PBXBuildFile; fileRef = 8EB70E911D090DC200CF86C6 /* EditngTableViewController.m */; };
/* End PBXBuildFile section */

/* Begin PBXFileReference section */
		8EB70E731D0906DE00CF86C6 /* TableEditing.app */ = {isa = PBXFileReference; explicitFileType = wrapper.application; includeInIndex = 0; path = TableEditing.app; sourceTree = BUILT_PRODUCTS_DIR; };
		8EB70E771D0906DE00CF86C6 /* main.m */ = {isa = PBXFileReference; lastKnownFileType = sourcecode.c.objc; path = main.m; sourceTree = "<group>"; };
		8EB70E791D0906DE00CF86C6 /* AppDelegate.h */ = {isa = PBXFileReference; lastKnownFileType = sourcecode.c.h; path = AppDelegate.h; sourceTree = "<group>"; };
		8EB70E7A1D0906DE00CF86C6 /* AppDelegate.m */ = {isa = PBXFileReference; lastKnownFileType = sourcecode.c.objc; path = AppDelegate.m; sourceTree = "<group>"; };
		8EB70E801D0906DE00CF86C6 /* Base */ = {isa = PBXFileReference; lastKnownFileType = file.storyboard; name = Base; path = Base.lproj/Main.storyboard; sourceTree = "<group>"; };
		8EB70E821D0906DE00CF86C6 /* Assets.xcassets */ = {isa = PBXFileReference; lastKnownFileType = folder.assetcatalog; path = Assets.xcassets; sourceTree = "<group>"; };
		8EB70E851D0906DE00CF86C6 /* Base */ = {isa = PBXFileReference; lastKnownFileType = file.storyboard; name = Base; path = Base.lproj/LaunchScreen.storyboard; sourceTree = "<group>"; };
		8EB70E871D0906DE00CF86C6 /* Info.plist */ = {isa = PBXFileReference; lastKnownFileType = text.plist.xml; path = Info.plist; sourceTree = "<group>"; };
		8EB70E8D1D0907BF00CF86C6 /* DataCenter.h */ = {isa = PBXFileReference; fileEncoding = 4; lastKnownFileType = sourcecode.c.h; path = DataCenter.h; sourceTree = "<group>"; };
		8EB70E8E1D0907BF00CF86C6 /* DataCenter.m */ = {isa = PBXFileReference; fileEncoding = 4; lastKnownFileType = sourcecode.c.objc; path = DataCenter.m; sourceTree = "<group>"; };
		8EB70E901D090DC200CF86C6 /* EditngTableViewController.h */ = {isa = PBXFileReference; fileEncoding = 4; lastKnownFileType = sourcecode.c.h; path = EditngTableViewController.h; sourceTree = "<group>"; };
		8EB70E911D090DC200CF86C6 /* EditngTableViewController.m */ = {isa = PBXFileReference; fileEncoding = 4; lastKnownFileType = sourcecode.c.objc; path = EditngTableViewController.m; sourceTree = "<group>"; };
/* End PBXFileReference section */

/* Begin PBXFrameworksBuildPhase section */
		8EB70E701D0906DE00CF86C6 /* Frameworks */ = {
			isa = PBXFrameworksBuildPhase;
			buildActionMask = 2147483647;
			files = (
			);
			runOnlyForDeploymentPostprocessing = 0;
		};
/* End PBXFrameworksBuildPhase section */

/* Begin PBXGroup section */
		8EB70E6A1D0906DE00CF86C6 = {
			isa = PBXGroup;
			children = (
				8EB70E751D0906DE00CF86C6 /* TableEditing */,
				8EB70E741D0906DE00CF86C6 /* Products */,
			);
			sourceTree = "<group>";
		};
		8EB70E741D0906DE00CF86C6 /* Products */ = {
			isa = PBXGroup;
			children = (
				8EB70E731D0906DE00CF86C6 /* TableEditing.app */,
			);
			name = Products;
			sourceTree = "<group>";
		};
		8EB70E751D0906DE00CF86C6 /* TableEditing */ = {
			isa = PBXGroup;
			children = (
				8EB70E791D0906DE00CF86C6 /* AppDelegate.h */,
				8EB70E7A1D0906DE00CF86C6 /* AppDelegate.m */,
				8EB70E7F1D0906DE00CF86C6 /* Main.storyboard */,
				8EB70E821D0906DE00CF86C6 /* Assets.xcassets */,
				8EB70E841D0906DE00CF86C6 /* LaunchScreen.storyboard */,
				8EB70E871D0906DE00CF86C6 /* Info.plist */,
				8EB70E761D0906DE00CF86C6 /* Supporting Files */,
				8EB70E8D1D0907BF00CF86C6 /* DataCenter.h */,
				8EB70E8E1D0907BF00CF86C6 /* DataCenter.m */,
				8EB70E901D090DC200CF86C6 /* EditngTableViewController.h */,
				8EB70E911D090DC200CF86C6 /* EditngTableViewController.m */,
			);
			path = TableEditing;
			sourceTree = "<group>";
		};
		8EB70E761D0906DE00CF86C6 /* Supporting Files */ = {
			isa = PBXGroup;
			children = (
				8EB70E771D0906DE00CF86C6 /* main.m */,
			);
			name = "Supporting Files";
			sourceTree = "<group>";
		};
/* End PBXGroup section */

/* Begin PBXNativeTarget section */
		8EB70E721D0906DE00CF86C6 /* TableEditing */ = {
			isa = PBXNativeTarget;
			buildConfigurationList = 8EB70E8A1D0906DE00CF86C6 /* Build configuration list for PBXNativeTarget "TableEditing" */;
			buildPhases = (
				8EB70E6F1D0906DE00CF86C6 /* Sources */,
				8EB70E701D0906DE00CF86C6 /* Frameworks */,
				8EB70E711D0906DE00CF86C6 /* Resources */,
			);
			buildRules = (
			);
			dependencies = (
			);
			name = TableEditing;
			productName = TableEditing;
			productReference = 8EB70E731D0906DE00CF86C6 /* TableEditing.app */;
			productType = "com.apple.product-type.application";
		};
/* End PBXNativeTarget section */

/* Begin PBXProject section */
		8EB70E6B1D0906DE00CF86C6 /* Project object */ = {
			isa = PBXProject;
			attributes = {
				LastUpgradeCheck = 0730;
				ORGANIZATIONNAME = ven2s;
				TargetAttributes = {
					8EB70E721D0906DE00CF86C6 = {
						CreatedOnToolsVersion = 7.3.1;
						DevelopmentTeam = ZF89A9Y4JP;
					};
				};
			};
			buildConfigurationList = 8EB70E6E1D0906DE00CF86C6 /* Build configuration list for PBXProject "TableEditing" */;
			compatibilityVersion = "Xcode 3.2";
			developmentRegion = English;
			hasScannedForEncodings = 0;
			knownRegions = (
				en,
				Base,
			);
			mainGroup = 8EB70E6A1D0906DE00CF86C6;
			productRefGroup = 8EB70E741D0906DE00CF86C6 /* Products */;
			projectDirPath = "";
			projectRoot = "";
			targets = (
				8EB70E721D0906DE00CF86C6 /* TableEditing */,
			);
		};
/* End PBXProject section */

/* Begin PBXResourcesBuildPhase section */
		8EB70E711D0906DE00CF86C6 /* Resources */ = {
			isa = PBXResourcesBuildPhase;
			buildActionMask = 2147483647;
			files = (
				8EB70E861D0906DE00CF86C6 /* LaunchScreen.storyboard in Resources */,
				8EB70E831D0906DE00CF86C6 /* Assets.xcassets in Resources */,
				8EB70E811D0906DE00CF86C6 /* Main.storyboard in Resources */,
			);
			runOnlyForDeploymentPostprocessing = 0;
		};
/* End PBXResourcesBuildPhase section */

/* Begin PBXSourcesBuildPhase section */
		8EB70E6F1D0906DE00CF86C6 /* Sources */ = {
			isa = PBXSourcesBuildPhase;
			buildActionMask = 2147483647;
			files = (
				8EB70E921D090DC200CF86C6 /* EditngTableViewController.m in Sources */,
				8EB70E7B1D0906DE00CF86C6 /* AppDelegate.m in Sources */,
				8EB70E8F1D0907BF00CF86C6 /* DataCenter.m in Sources */,
				8EB70E781D0906DE00CF86C6 /* main.m in Sources */,
			);
			runOnlyForDeploymentPostprocessing = 0;
		};
/* End PBXSourcesBuildPhase section */

/* Begin PBXVariantGroup section */
		8EB70E7F1D0906DE00CF86C6 /* Main.storyboard */ = {
			isa = PBXVariantGroup;
			children = (
				8EB70E801D0906DE00CF86C6 /* Base */,
			);
			name = Main.storyboard;
			sourceTree = "<group>";
		};
		8EB70E841D0906DE00CF86C6 /* LaunchScreen.storyboard */ = {
			isa = PBXVariantGroup;
			children = (
				8EB70E851D0906DE00CF86C6 /* Base */,
			);
			name = LaunchScreen.storyboard;
			sourceTree = "<group>";
		};
/* End PBXVariantGroup section */

/* Begin XCBuildConfiguration section */
		8EB70E881D0906DE00CF86C6 /* Debug */ = {
			isa = XCBuildConfiguration;
			buildSettings = {
				ALWAYS_SEARCH_USER_PATHS = NO;
				CLANG_ANALYZER_NONNULL = YES;
				CLANG_CXX_LANGUAGE_STANDARD = "gnu++0x";
				CLANG_CXX_LIBRARY = "libc++";
				CLANG_ENABLE_MODULES = YES;
				CLANG_ENABLE_OBJC_ARC = YES;
				CLANG_WARN_BOOL_CONVERSION = YES;
				CLANG_WARN_CONSTANT_CONVERSION = YES;
				CLANG_WARN_DIRECT_OBJC_ISA_USAGE = YES_ERROR;
				CLANG_WARN_EMPTY_BODY = YES;
				CLANG_WARN_ENUM_CONVERSION = YES;
				CLANG_WARN_INT_CONVERSION = YES;
				CLANG_WARN_OBJC_ROOT_CLASS = YES_ERROR;
				CLANG_WARN_UNREACHABLE_CODE = YES;
				CLANG_WARN__DUPLICATE_METHOD_MATCH = YES;
				"CODE_SIGN_IDENTITY[sdk=iphoneos*]" = "iPhone Developer";
				COPY_PHASE_STRIP = NO;
				DEBUG_INFORMATION_FORMAT = dwarf;
				ENABLE_STRICT_OBJC_MSGSEND = YES;
				ENABLE_TESTABILITY = YES;
				GCC_C_LANGUAGE_STANDARD = gnu99;
				GCC_DYNAMIC_NO_PIC = NO;
				GCC_NO_COMMON_BLOCKS = YES;
				GCC_OPTIMIZATION_LEVEL = 0;
				GCC_PREPROCESSOR_DEFINITIONS = (
					"DEBUG=1",
					"$(inherited)",
				);
				GCC_WARN_64_TO_32_BIT_CONVERSION = YES;
				GCC_WARN_ABOUT_RETURN_TYPE = YES_ERROR;
				GCC_WARN_UNDECLARED_SELECTOR = YES;
				GCC_WARN_UNINITIALIZED_AUTOS = YES_AGGRESSIVE;
				GCC_WARN_UNUSED_FUNCTION = YES;
				GCC_WARN_UNUSED_VARIABLE = YES;
				IPHONEOS_DEPLOYMENT_TARGET = 9.3;
				MTL_ENABLE_DEBUG_INFO = YES;
				ONLY_ACTIVE_ARCH = YES;
				SDKROOT = iphoneos;
			};
			name = Debug;
		};
		8EB70E891D0906DE00CF86C6 /* Release */ = {
			isa = XCBuildConfiguration;
			buildSettings = {
				ALWAYS_SEARCH_USER_PATHS = NO;
				CLANG_ANALYZER_NONNULL = YES;
				CLANG_CXX_LANGUAGE_STANDARD = "gnu++0x";
				CLANG_CXX_LIBRARY = "libc++";
				CLANG_ENABLE_MODULES = YES;
				CLANG_ENABLE_OBJC_ARC = YES;
				CLANG_WARN_BOOL_CONVERSION = YES;
				CLANG_WARN_CONSTANT_CONVERSION = YES;
				CLANG_WARN_DIRECT_OBJC_ISA_USAGE = YES_ERROR;
				CLANG_WARN_EMPTY_BODY = YES;
				CLANG_WARN_ENUM_CONVERSION = YES;
				CLANG_WARN_INT_CONVERSION = YES;
				CLANG_WARN_OBJC_ROOT_CLASS = YES_ERROR;
				CLANG_WARN_UNREACHABLE_CODE = YES;
				CLANG_WARN__DUPLICATE_METHOD_MATCH = YES;
				"CODE_SIGN_IDENTITY[sdk=iphoneos*]" = "iPhone Developer";
				COPY_PHASE_STRIP = NO;
				DEBUG_INFORMATION_FORMAT = "dwarf-with-dsym";
				ENABLE_NS_ASSERTIONS = NO;
				ENABLE_STRICT_OBJC_MSGSEND = YES;
				GCC_C_LANGUAGE_STANDARD = gnu99;
				GCC_NO_COMMON_BLOCKS = YES;
				GCC_WARN_64_TO_32_BIT_CONVERSION = YES;
				GCC_WARN_ABOUT_RETURN_TYPE = YES_ERROR;
				GCC_WARN_UNDECLARED_SELECTOR = YES;
				GCC_WARN_UNINITIALIZED_AUTOS = YES_AGGRESSIVE;
				GCC_WARN_UNUSED_FUNCTION = YES;
				GCC_WARN_UNUSED_VARIABLE = YES;
				IPHONEOS_DEPLOYMENT_TARGET = 9.3;
				MTL_ENABLE_DEBUG_INFO = NO;
				SDKROOT = iphoneos;
				VALIDATE_PRODUCT = YES;
			};
			name = Release;
		};
		8EB70E8B1D0906DE00CF86C6 /* Debug */ = {
			isa = XCBuildConfiguration;
			buildSettings = {
				ASSETCATALOG_COMPILER_APPICON_NAME = AppIcon;
				INFOPLIST_FILE = TableEditing/Info.plist;
				LD_RUNPATH_SEARCH_PATHS = "$(inherited) @executable_path/Frameworks";
				PRODUCT_BUNDLE_IDENTIFIER = ven2s.TableEditing;
				PRODUCT_NAME = "$(TARGET_NAME)";
			};
			name = Debug;
		};
		8EB70E8C1D0906DE00CF86C6 /* Release */ = {
			isa = XCBuildConfiguration;
			buildSettings = {
				ASSETCATALOG_COMPILER_APPICON_NAME = AppIcon;
				INFOPLIST_FILE = TableEditing/Info.plist;
				LD_RUNPATH_SEARCH_PATHS = "$(inherited) @executable_path/Frameworks";
				PRODUCT_BUNDLE_IDENTIFIER = ven2s.TableEditing;
				PRODUCT_NAME = "$(TARGET_NAME)";
			};
			name = Release;
		};
/* End XCBuildConfiguration section */

/* Begin XCConfigurationList section */
		8EB70E6E1D0906DE00CF86C6 /* Build configuration list for PBXProject "TableEditing" */ = {
			isa = XCConfigurationList;
			buildConfigurations = (
				8EB70E881D0906DE00CF86C6 /* Debug */,
				8EB70E891D0906DE00CF86C6 /* Release */,
			);
			defaultConfigurationIsVisible = 0;
			defaultConfigurationName = Release;
		};
		8EB70E8A1D0906DE00CF86C6 /* Build configuration list for PBXNativeTarget "TableEditing" */ = {
			isa = XCConfigurationList;
			buildConfigurations = (
				8EB70E8B1D0906DE00CF86C6 /* Debug */,
				8EB70E8C1D0906DE00CF86C6 /* Release */,
			);
			defaultConfigurationIsVisible = 0;
		};
/* End XCConfigurationList section */
	};
	rootObject = 8EB70E6B1D0906DE00CF86C6 /* Project object */;
}
