// !$*UTF8*$!
{
	archiveVersion = 1;
	classes = {
	};
	objectVersion = 46;
	objects = {

/* Begin PBXBuildFile section */
		8EFE7D411CF6953800C38934 /* main.m in Sources */ = {isa = PBXBuildFile; fileRef = 8EFE7D401CF6953800C38934 /* main.m */; };
		8EFE7D441CF6953800C38934 /* AppDelegate.m in Sources */ = {isa = PBXBuildFile; fileRef = 8EFE7D431CF6953800C38934 /* AppDelegate.m */; };
		8EFE7D471CF6953800C38934 /* ViewController.m in Sources */ = {isa = PBXBuildFile; fileRef = 8EFE7D461CF6953800C38934 /* ViewController.m */; };
		8EFE7D4A1CF6953800C38934 /* Main.storyboard in Resources */ = {isa = PBXBuildFile; fileRef = 8EFE7D481CF6953800C38934 /* Main.storyboard */; };
		8EFE7D4C1CF6953800C38934 /* Assets.xcassets in Resources */ = {isa = PBXBuildFile; fileRef = 8EFE7D4B1CF6953800C38934 /* Assets.xcassets */; };
		8EFE7D4F1CF6953800C38934 /* LaunchScreen.storyboard in Resources */ = {isa = PBXBuildFile; fileRef = 8EFE7D4D1CF6953800C38934 /* LaunchScreen.storyboard */; };
/* End PBXBuildFile section */

/* Begin PBXFileReference section */
		8EFE7D3C1CF6953800C38934 /* Exam_160526.app */ = {isa = PBXFileReference; explicitFileType = wrapper.application; includeInIndex = 0; path = Exam_160526.app; sourceTree = BUILT_PRODUCTS_DIR; };
		8EFE7D401CF6953800C38934 /* main.m */ = {isa = PBXFileReference; lastKnownFileType = sourcecode.c.objc; path = main.m; sourceTree = "<group>"; };
		8EFE7D421CF6953800C38934 /* AppDelegate.h */ = {isa = PBXFileReference; lastKnownFileType = sourcecode.c.h; path = AppDelegate.h; sourceTree = "<group>"; };
		8EFE7D431CF6953800C38934 /* AppDelegate.m */ = {isa = PBXFileReference; lastKnownFileType = sourcecode.c.objc; path = AppDelegate.m; sourceTree = "<group>"; };
		8EFE7D451CF6953800C38934 /* ViewController.h */ = {isa = PBXFileReference; lastKnownFileType = sourcecode.c.h; path = ViewController.h; sourceTree = "<group>"; };
		8EFE7D461CF6953800C38934 /* ViewController.m */ = {isa = PBXFileReference; lastKnownFileType = sourcecode.c.objc; path = ViewController.m; sourceTree = "<group>"; };
		8EFE7D491CF6953800C38934 /* Base */ = {isa = PBXFileReference; lastKnownFileType = file.storyboard; name = Base; path = Base.lproj/Main.storyboard; sourceTree = "<group>"; };
		8EFE7D4B1CF6953800C38934 /* Assets.xcassets */ = {isa = PBXFileReference; lastKnownFileType = folder.assetcatalog; path = Assets.xcassets; sourceTree = "<group>"; };
		8EFE7D4E1CF6953800C38934 /* Base */ = {isa = PBXFileReference; lastKnownFileType = file.storyboard; name = Base; path = Base.lproj/LaunchScreen.storyboard; sourceTree = "<group>"; };
		8EFE7D501CF6953800C38934 /* Info.plist */ = {isa = PBXFileReference; lastKnownFileType = text.plist.xml; path = Info.plist; sourceTree = "<group>"; };
/* End PBXFileReference section */

/* Begin PBXFrameworksBuildPhase section */
		8EFE7D391CF6953800C38934 /* Frameworks */ = {
			isa = PBXFrameworksBuildPhase;
			buildActionMask = 2147483647;
			files = (
			);
			runOnlyForDeploymentPostprocessing = 0;
		};
/* End PBXFrameworksBuildPhase section */

/* Begin PBXGroup section */
		8EFE7D331CF6953800C38934 = {
			isa = PBXGroup;
			children = (
				8EFE7D3E1CF6953800C38934 /* Exam_160526 */,
				8EFE7D3D1CF6953800C38934 /* Products */,
			);
			sourceTree = "<group>";
		};
		8EFE7D3D1CF6953800C38934 /* Products */ = {
			isa = PBXGroup;
			children = (
				8EFE7D3C1CF6953800C38934 /* Exam_160526.app */,
			);
			name = Products;
			sourceTree = "<group>";
		};
		8EFE7D3E1CF6953800C38934 /* Exam_160526 */ = {
			isa = PBXGroup;
			children = (
				8EFE7D421CF6953800C38934 /* AppDelegate.h */,
				8EFE7D431CF6953800C38934 /* AppDelegate.m */,
				8EFE7D451CF6953800C38934 /* ViewController.h */,
				8EFE7D461CF6953800C38934 /* ViewController.m */,
				8EFE7D481CF6953800C38934 /* Main.storyboard */,
				8EFE7D4B1CF6953800C38934 /* Assets.xcassets */,
				8EFE7D4D1CF6953800C38934 /* LaunchScreen.storyboard */,
				8EFE7D501CF6953800C38934 /* Info.plist */,
				8EFE7D3F1CF6953800C38934 /* Supporting Files */,
			);
			path = Exam_160526;
			sourceTree = "<group>";
		};
		8EFE7D3F1CF6953800C38934 /* Supporting Files */ = {
			isa = PBXGroup;
			children = (
				8EFE7D401CF6953800C38934 /* main.m */,
			);
			name = "Supporting Files";
			sourceTree = "<group>";
		};
/* End PBXGroup section */

/* Begin PBXNativeTarget section */
		8EFE7D3B1CF6953800C38934 /* Exam_160526 */ = {
			isa = PBXNativeTarget;
			buildConfigurationList = 8EFE7D531CF6953800C38934 /* Build configuration list for PBXNativeTarget "Exam_160526" */;
			buildPhases = (
				8EFE7D381CF6953800C38934 /* Sources */,
				8EFE7D391CF6953800C38934 /* Frameworks */,
				8EFE7D3A1CF6953800C38934 /* Resources */,
			);
			buildRules = (
			);
			dependencies = (
			);
			name = Exam_160526;
			productName = Exam_160526;
			productReference = 8EFE7D3C1CF6953800C38934 /* Exam_160526.app */;
			productType = "com.apple.product-type.application";
		};
/* End PBXNativeTarget section */

/* Begin PBXProject section */
		8EFE7D341CF6953800C38934 /* Project object */ = {
			isa = PBXProject;
			attributes = {
				LastUpgradeCheck = 0730;
				ORGANIZATIONNAME = ven2s;
				TargetAttributes = {
					8EFE7D3B1CF6953800C38934 = {
						CreatedOnToolsVersion = 7.3.1;
						DevelopmentTeam = ZF89A9Y4JP;
					};
				};
			};
			buildConfigurationList = 8EFE7D371CF6953800C38934 /* Build configuration list for PBXProject "Exam_160526" */;
			compatibilityVersion = "Xcode 3.2";
			developmentRegion = English;
			hasScannedForEncodings = 0;
			knownRegions = (
				en,
				Base,
			);
			mainGroup = 8EFE7D331CF6953800C38934;
			productRefGroup = 8EFE7D3D1CF6953800C38934 /* Products */;
			projectDirPath = "";
			projectRoot = "";
			targets = (
				8EFE7D3B1CF6953800C38934 /* Exam_160526 */,
			);
		};
/* End PBXProject section */

/* Begin PBXResourcesBuildPhase section */
		8EFE7D3A1CF6953800C38934 /* Resources */ = {
			isa = PBXResourcesBuildPhase;
			buildActionMask = 2147483647;
			files = (
				8EFE7D4F1CF6953800C38934 /* LaunchScreen.storyboard in Resources */,
				8EFE7D4C1CF6953800C38934 /* Assets.xcassets in Resources */,
				8EFE7D4A1CF6953800C38934 /* Main.storyboard in Resources */,
			);
			runOnlyForDeploymentPostprocessing = 0;
		};
/* End PBXResourcesBuildPhase section */

/* Begin PBXSourcesBuildPhase section */
		8EFE7D381CF6953800C38934 /* Sources */ = {
			isa = PBXSourcesBuildPhase;
			buildActionMask = 2147483647;
			files = (
				8EFE7D471CF6953800C38934 /* ViewController.m in Sources */,
				8EFE7D441CF6953800C38934 /* AppDelegate.m in Sources */,
				8EFE7D411CF6953800C38934 /* main.m in Sources */,
			);
			runOnlyForDeploymentPostprocessing = 0;
		};
/* End PBXSourcesBuildPhase section */

/* Begin PBXVariantGroup section */
		8EFE7D481CF6953800C38934 /* Main.storyboard */ = {
			isa = PBXVariantGroup;
			children = (
				8EFE7D491CF6953800C38934 /* Base */,
			);
			name = Main.storyboard;
			sourceTree = "<group>";
		};
		8EFE7D4D1CF6953800C38934 /* LaunchScreen.storyboard */ = {
			isa = PBXVariantGroup;
			children = (
				8EFE7D4E1CF6953800C38934 /* Base */,
			);
			name = LaunchScreen.storyboard;
			sourceTree = "<group>";
		};
/* End PBXVariantGroup section */

/* Begin XCBuildConfiguration section */
		8EFE7D511CF6953800C38934 /* Debug */ = {
			isa = XCBuildConfiguration;
			buildSettings = {
				ALWAYS_SEARCH_USER_PATHS = NO;
				CLANG_ANALYZER_NONNULL = YES;
				CLANG_CXX_LANGUAGE_STANDARD = "gnu++0x";
				CLANG_CXX_LIBRARY = "libc++";
				CLANG_ENABLE_MODULES = YES;
				CLANG_ENABLE_OBJC_ARC = YES;
				CLANG_WARN_BOOL_CONVERSION = YES;
				CLANG_WARN_CONSTANT_CONVERSION = YES;
				CLANG_WARN_DIRECT_OBJC_ISA_USAGE = YES_ERROR;
				CLANG_WARN_EMPTY_BODY = YES;
				CLANG_WARN_ENUM_CONVERSION = YES;
				CLANG_WARN_INT_CONVERSION = YES;
				CLANG_WARN_OBJC_ROOT_CLASS = YES_ERROR;
				CLANG_WARN_UNREACHABLE_CODE = YES;
				CLANG_WARN__DUPLICATE_METHOD_MATCH = YES;
				"CODE_SIGN_IDENTITY[sdk=iphoneos*]" = "iPhone Developer";
				COPY_PHASE_STRIP = NO;
				DEBUG_INFORMATION_FORMAT = dwarf;
				ENABLE_STRICT_OBJC_MSGSEND = YES;
				ENABLE_TESTABILITY = YES;
				GCC_C_LANGUAGE_STANDARD = gnu99;
				GCC_DYNAMIC_NO_PIC = NO;
				GCC_NO_COMMON_BLOCKS = YES;
				GCC_OPTIMIZATION_LEVEL = 0;
				GCC_PREPROCESSOR_DEFINITIONS = (
					"DEBUG=1",
					"$(inherited)",
				);
				GCC_WARN_64_TO_32_BIT_CONVERSION = YES;
				GCC_WARN_ABOUT_RETURN_TYPE = YES_ERROR;
				GCC_WARN_UNDECLARED_SELECTOR = YES;
				GCC_WARN_UNINITIALIZED_AUTOS = YES_AGGRESSIVE;
				GCC_WARN_UNUSED_FUNCTION = YES;
				GCC_WARN_UNUSED_VARIABLE = YES;
				IPHONEOS_DEPLOYMENT_TARGET = 9.3;
				MTL_ENABLE_DEBUG_INFO = YES;
				ONLY_ACTIVE_ARCH = YES;
				SDKROOT = iphoneos;
			};
			name = Debug;
		};
		8EFE7D521CF6953800C38934 /* Release */ = {
			isa = XCBuildConfiguration;
			buildSettings = {
				ALWAYS_SEARCH_USER_PATHS = NO;
				CLANG_ANALYZER_NONNULL = YES;
				CLANG_CXX_LANGUAGE_STANDARD = "gnu++0x";
				CLANG_CXX_LIBRARY = "libc++";
				CLANG_ENABLE_MODULES = YES;
				CLANG_ENABLE_OBJC_ARC = YES;
				CLANG_WARN_BOOL_CONVERSION = YES;
				CLANG_WARN_CONSTANT_CONVERSION = YES;
				CLANG_WARN_DIRECT_OBJC_ISA_USAGE = YES_ERROR;
				CLANG_WARN_EMPTY_BODY = YES;
				CLANG_WARN_ENUM_CONVERSION = YES;
				CLANG_WARN_INT_CONVERSION = YES;
				CLANG_WARN_OBJC_ROOT_CLASS = YES_ERROR;
				CLANG_WARN_UNREACHABLE_CODE = YES;
				CLANG_WARN__DUPLICATE_METHOD_MATCH = YES;
				"CODE_SIGN_IDENTITY[sdk=iphoneos*]" = "iPhone Developer";
				COPY_PHASE_STRIP = NO;
				DEBUG_INFORMATION_FORMAT = "dwarf-with-dsym";
				ENABLE_NS_ASSERTIONS = NO;
				ENABLE_STRICT_OBJC_MSGSEND = YES;
				GCC_C_LANGUAGE_STANDARD = gnu99;
				GCC_NO_COMMON_BLOCKS = YES;
				GCC_WARN_64_TO_32_BIT_CONVERSION = YES;
				GCC_WARN_ABOUT_RETURN_TYPE = YES_ERROR;
				GCC_WARN_UNDECLARED_SELECTOR = YES;
				GCC_WARN_UNINITIALIZED_AUTOS = YES_AGGRESSIVE;
				GCC_WARN_UNUSED_FUNCTION = YES;
				GCC_WARN_UNUSED_VARIABLE = YES;
				IPHONEOS_DEPLOYMENT_TARGET = 9.3;
				MTL_ENABLE_DEBUG_INFO = NO;
				SDKROOT = iphoneos;
				VALIDATE_PRODUCT = YES;
			};
			name = Release;
		};
		8EFE7D541CF6953800C38934 /* Debug */ = {
			isa = XCBuildConfiguration;
			buildSettings = {
				ASSETCATALOG_COMPILER_APPICON_NAME = AppIcon;
				INFOPLIST_FILE = Exam_160526/Info.plist;
				LD_RUNPATH_SEARCH_PATHS = "$(inherited) @executable_path/Frameworks";
				PRODUCT_BUNDLE_IDENTIFIER = "ven2s.Exam-160526";
				PRODUCT_NAME = "$(TARGET_NAME)";
			};
			name = Debug;
		};
		8EFE7D551CF6953800C38934 /* Release */ = {
			isa = XCBuildConfiguration;
			buildSettings = {
				ASSETCATALOG_COMPILER_APPICON_NAME = AppIcon;
				INFOPLIST_FILE = Exam_160526/Info.plist;
				LD_RUNPATH_SEARCH_PATHS = "$(inherited) @executable_path/Frameworks";
				PRODUCT_BUNDLE_IDENTIFIER = "ven2s.Exam-160526";
				PRODUCT_NAME = "$(TARGET_NAME)";
			};
			name = Release;
		};
/* End XCBuildConfiguration section */

/* Begin XCConfigurationList section */
		8EFE7D371CF6953800C38934 /* Build configuration list for PBXProject "Exam_160526" */ = {
			isa = XCConfigurationList;
			buildConfigurations = (
				8EFE7D511CF6953800C38934 /* Debug */,
				8EFE7D521CF6953800C38934 /* Release */,
			);
			defaultConfigurationIsVisible = 0;
			defaultConfigurationName = Release;
		};
		8EFE7D531CF6953800C38934 /* Build configuration list for PBXNativeTarget "Exam_160526" */ = {
			isa = XCConfigurationList;
			buildConfigurations = (
				8EFE7D541CF6953800C38934 /* Debug */,
				8EFE7D551CF6953800C38934 /* Release */,
			);
			defaultConfigurationIsVisible = 0;
		};
/* End XCConfigurationList section */
	};
	rootObject = 8EFE7D341CF6953800C38934 /* Project object */;
}
