// !$*UTF8*$!
{
	archiveVersion = 1;
	classes = {
	};
	objectVersion = 46;
	objects = {

/* Begin PBXBuildFile section */
		8E16503E1CF800C6008F5DFF /* main.m in Sources */ = {isa = PBXBuildFile; fileRef = 8E16503D1CF800C6008F5DFF /* main.m */; };
		8E1650411CF800C6008F5DFF /* AppDelegate.m in Sources */ = {isa = PBXBuildFile; fileRef = 8E1650401CF800C6008F5DFF /* AppDelegate.m */; };
		8E1650441CF800C6008F5DFF /* ViewController.m in Sources */ = {isa = PBXBuildFile; fileRef = 8E1650431CF800C6008F5DFF /* ViewController.m */; };
		8E1650471CF800C6008F5DFF /* Main.storyboard in Resources */ = {isa = PBXBuildFile; fileRef = 8E1650451CF800C6008F5DFF /* Main.storyboard */; };
		8E1650491CF800C6008F5DFF /* Assets.xcassets in Resources */ = {isa = PBXBuildFile; fileRef = 8E1650481CF800C6008F5DFF /* Assets.xcassets */; };
		8E16504C1CF800C6008F5DFF /* LaunchScreen.storyboard in Resources */ = {isa = PBXBuildFile; fileRef = 8E16504A1CF800C6008F5DFF /* LaunchScreen.storyboard */; };
		8E1650541CF8285B008F5DFF /* hole.png in Resources */ = {isa = PBXBuildFile; fileRef = 8E1650531CF8285B008F5DFF /* hole.png */; };
		8E1650561CF82995008F5DFF /* earthImage.png in Resources */ = {isa = PBXBuildFile; fileRef = 8E1650551CF82995008F5DFF /* earthImage.png */; };
		8E1650591CF83F2B008F5DFF /* WebViewController.m in Sources */ = {isa = PBXBuildFile; fileRef = 8E1650581CF83F2B008F5DFF /* WebViewController.m */; };
		8E16505B1CF86F7C008F5DFF /* 5.jpg in Resources */ = {isa = PBXBuildFile; fileRef = 8E16505A1CF86F7C008F5DFF /* 5.jpg */; };
/* End PBXBuildFile section */

/* Begin PBXFileReference section */
		8E1650391CF800C6008F5DFF /* WebViewTest.app */ = {isa = PBXFileReference; explicitFileType = wrapper.application; includeInIndex = 0; path = WebViewTest.app; sourceTree = BUILT_PRODUCTS_DIR; };
		8E16503D1CF800C6008F5DFF /* main.m */ = {isa = PBXFileReference; lastKnownFileType = sourcecode.c.objc; path = main.m; sourceTree = "<group>"; };
		8E16503F1CF800C6008F5DFF /* AppDelegate.h */ = {isa = PBXFileReference; lastKnownFileType = sourcecode.c.h; path = AppDelegate.h; sourceTree = "<group>"; };
		8E1650401CF800C6008F5DFF /* AppDelegate.m */ = {isa = PBXFileReference; lastKnownFileType = sourcecode.c.objc; path = AppDelegate.m; sourceTree = "<group>"; };
		8E1650421CF800C6008F5DFF /* ViewController.h */ = {isa = PBXFileReference; lastKnownFileType = sourcecode.c.h; path = ViewController.h; sourceTree = "<group>"; };
		8E1650431CF800C6008F5DFF /* ViewController.m */ = {isa = PBXFileReference; lastKnownFileType = sourcecode.c.objc; path = ViewController.m; sourceTree = "<group>"; };
		8E1650461CF800C6008F5DFF /* Base */ = {isa = PBXFileReference; lastKnownFileType = file.storyboard; name = Base; path = Base.lproj/Main.storyboard; sourceTree = "<group>"; };
		8E1650481CF800C6008F5DFF /* Assets.xcassets */ = {isa = PBXFileReference; lastKnownFileType = folder.assetcatalog; path = Assets.xcassets; sourceTree = "<group>"; };
		8E16504B1CF800C6008F5DFF /* Base */ = {isa = PBXFileReference; lastKnownFileType = file.storyboard; name = Base; path = Base.lproj/LaunchScreen.storyboard; sourceTree = "<group>"; };
		8E16504D1CF800C6008F5DFF /* Info.plist */ = {isa = PBXFileReference; lastKnownFileType = text.plist.xml; path = Info.plist; sourceTree = "<group>"; };
		8E1650531CF8285B008F5DFF /* hole.png */ = {isa = PBXFileReference; lastKnownFileType = image.png; path = hole.png; sourceTree = "<group>"; };
		8E1650551CF82995008F5DFF /* earthImage.png */ = {isa = PBXFileReference; lastKnownFileType = image.png; path = earthImage.png; sourceTree = "<group>"; };
		8E1650571CF83F2B008F5DFF /* WebViewController.h */ = {isa = PBXFileReference; fileEncoding = 4; lastKnownFileType = sourcecode.c.h; path = WebViewController.h; sourceTree = "<group>"; };
		8E1650581CF83F2B008F5DFF /* WebViewController.m */ = {isa = PBXFileReference; fileEncoding = 4; lastKnownFileType = sourcecode.c.objc; path = WebViewController.m; sourceTree = "<group>"; };
		8E16505A1CF86F7C008F5DFF /* 5.jpg */ = {isa = PBXFileReference; lastKnownFileType = image.jpeg; path = 5.jpg; sourceTree = "<group>"; };
/* End PBXFileReference section */

/* Begin PBXFrameworksBuildPhase section */
		8E1650361CF800C6008F5DFF /* Frameworks */ = {
			isa = PBXFrameworksBuildPhase;
			buildActionMask = 2147483647;
			files = (
			);
			runOnlyForDeploymentPostprocessing = 0;
		};
/* End PBXFrameworksBuildPhase section */

/* Begin PBXGroup section */
		8E1650301CF800C6008F5DFF = {
			isa = PBXGroup;
			children = (
				8E16503B1CF800C6008F5DFF /* WebViewTest */,
				8E16503A1CF800C6008F5DFF /* Products */,
			);
			sourceTree = "<group>";
		};
		8E16503A1CF800C6008F5DFF /* Products */ = {
			isa = PBXGroup;
			children = (
				8E1650391CF800C6008F5DFF /* WebViewTest.app */,
			);
			name = Products;
			sourceTree = "<group>";
		};
		8E16503B1CF800C6008F5DFF /* WebViewTest */ = {
			isa = PBXGroup;
			children = (
				8E1650531CF8285B008F5DFF /* hole.png */,
				8E16505A1CF86F7C008F5DFF /* 5.jpg */,
				8E1650551CF82995008F5DFF /* earthImage.png */,
				8E16503F1CF800C6008F5DFF /* AppDelegate.h */,
				8E1650401CF800C6008F5DFF /* AppDelegate.m */,
				8E1650421CF800C6008F5DFF /* ViewController.h */,
				8E1650431CF800C6008F5DFF /* ViewController.m */,
				8E1650451CF800C6008F5DFF /* Main.storyboard */,
				8E1650481CF800C6008F5DFF /* Assets.xcassets */,
				8E16504A1CF800C6008F5DFF /* LaunchScreen.storyboard */,
				8E16504D1CF800C6008F5DFF /* Info.plist */,
				8E16503C1CF800C6008F5DFF /* Supporting Files */,
				8E1650571CF83F2B008F5DFF /* WebViewController.h */,
				8E1650581CF83F2B008F5DFF /* WebViewController.m */,
			);
			path = WebViewTest;
			sourceTree = "<group>";
		};
		8E16503C1CF800C6008F5DFF /* Supporting Files */ = {
			isa = PBXGroup;
			children = (
				8E16503D1CF800C6008F5DFF /* main.m */,
			);
			name = "Supporting Files";
			sourceTree = "<group>";
		};
/* End PBXGroup section */

/* Begin PBXNativeTarget section */
		8E1650381CF800C6008F5DFF /* WebViewTest */ = {
			isa = PBXNativeTarget;
			buildConfigurationList = 8E1650501CF800C6008F5DFF /* Build configuration list for PBXNativeTarget "WebViewTest" */;
			buildPhases = (
				8E1650351CF800C6008F5DFF /* Sources */,
				8E1650361CF800C6008F5DFF /* Frameworks */,
				8E1650371CF800C6008F5DFF /* Resources */,
			);
			buildRules = (
			);
			dependencies = (
			);
			name = WebViewTest;
			productName = WebViewTest;
			productReference = 8E1650391CF800C6008F5DFF /* WebViewTest.app */;
			productType = "com.apple.product-type.application";
		};
/* End PBXNativeTarget section */

/* Begin PBXProject section */
		8E1650311CF800C6008F5DFF /* Project object */ = {
			isa = PBXProject;
			attributes = {
				LastUpgradeCheck = 0730;
				ORGANIZATIONNAME = ven2s;
				TargetAttributes = {
					8E1650381CF800C6008F5DFF = {
						CreatedOnToolsVersion = 7.3.1;
						DevelopmentTeam = ZF89A9Y4JP;
					};
				};
			};
			buildConfigurationList = 8E1650341CF800C6008F5DFF /* Build configuration list for PBXProject "WebViewTest" */;
			compatibilityVersion = "Xcode 3.2";
			developmentRegion = English;
			hasScannedForEncodings = 0;
			knownRegions = (
				en,
				Base,
			);
			mainGroup = 8E1650301CF800C6008F5DFF;
			productRefGroup = 8E16503A1CF800C6008F5DFF /* Products */;
			projectDirPath = "";
			projectRoot = "";
			targets = (
				8E1650381CF800C6008F5DFF /* WebViewTest */,
			);
		};
/* End PBXProject section */

/* Begin PBXResourcesBuildPhase section */
		8E1650371CF800C6008F5DFF /* Resources */ = {
			isa = PBXResourcesBuildPhase;
			buildActionMask = 2147483647;
			files = (
				8E16504C1CF800C6008F5DFF /* LaunchScreen.storyboard in Resources */,
				8E1650491CF800C6008F5DFF /* Assets.xcassets in Resources */,
				8E1650561CF82995008F5DFF /* earthImage.png in Resources */,
				8E16505B1CF86F7C008F5DFF /* 5.jpg in Resources */,
				8E1650471CF800C6008F5DFF /* Main.storyboard in Resources */,
				8E1650541CF8285B008F5DFF /* hole.png in Resources */,
			);
			runOnlyForDeploymentPostprocessing = 0;
		};
/* End PBXResourcesBuildPhase section */

/* Begin PBXSourcesBuildPhase section */
		8E1650351CF800C6008F5DFF /* Sources */ = {
			isa = PBXSourcesBuildPhase;
			buildActionMask = 2147483647;
			files = (
				8E1650441CF800C6008F5DFF /* ViewController.m in Sources */,
				8E1650411CF800C6008F5DFF /* AppDelegate.m in Sources */,
				8E16503E1CF800C6008F5DFF /* main.m in Sources */,
				8E1650591CF83F2B008F5DFF /* WebViewController.m in Sources */,
			);
			runOnlyForDeploymentPostprocessing = 0;
		};
/* End PBXSourcesBuildPhase section */

/* Begin PBXVariantGroup section */
		8E1650451CF800C6008F5DFF /* Main.storyboard */ = {
			isa = PBXVariantGroup;
			children = (
				8E1650461CF800C6008F5DFF /* Base */,
			);
			name = Main.storyboard;
			sourceTree = "<group>";
		};
		8E16504A1CF800C6008F5DFF /* LaunchScreen.storyboard */ = {
			isa = PBXVariantGroup;
			children = (
				8E16504B1CF800C6008F5DFF /* Base */,
			);
			name = LaunchScreen.storyboard;
			sourceTree = "<group>";
		};
/* End PBXVariantGroup section */

/* Begin XCBuildConfiguration section */
		8E16504E1CF800C6008F5DFF /* Debug */ = {
			isa = XCBuildConfiguration;
			buildSettings = {
				ALWAYS_SEARCH_USER_PATHS = NO;
				CLANG_ANALYZER_NONNULL = YES;
				CLANG_CXX_LANGUAGE_STANDARD = "gnu++0x";
				CLANG_CXX_LIBRARY = "libc++";
				CLANG_ENABLE_MODULES = YES;
				CLANG_ENABLE_OBJC_ARC = YES;
				CLANG_WARN_BOOL_CONVERSION = YES;
				CLANG_WARN_CONSTANT_CONVERSION = YES;
				CLANG_WARN_DIRECT_OBJC_ISA_USAGE = YES_ERROR;
				CLANG_WARN_EMPTY_BODY = YES;
				CLANG_WARN_ENUM_CONVERSION = YES;
				CLANG_WARN_INT_CONVERSION = YES;
				CLANG_WARN_OBJC_ROOT_CLASS = YES_ERROR;
				CLANG_WARN_UNREACHABLE_CODE = YES;
				CLANG_WARN__DUPLICATE_METHOD_MATCH = YES;
				"CODE_SIGN_IDENTITY[sdk=iphoneos*]" = "iPhone Developer";
				COPY_PHASE_STRIP = NO;
				DEBUG_INFORMATION_FORMAT = dwarf;
				ENABLE_STRICT_OBJC_MSGSEND = YES;
				ENABLE_TESTABILITY = YES;
				GCC_C_LANGUAGE_STANDARD = gnu99;
				GCC_DYNAMIC_NO_PIC = NO;
				GCC_NO_COMMON_BLOCKS = YES;
				GCC_OPTIMIZATION_LEVEL = 0;
				GCC_PREPROCESSOR_DEFINITIONS = (
					"DEBUG=1",
					"$(inherited)",
				);
				GCC_WARN_64_TO_32_BIT_CONVERSION = YES;
				GCC_WARN_ABOUT_RETURN_TYPE = YES_ERROR;
				GCC_WARN_UNDECLARED_SELECTOR = YES;
				GCC_WARN_UNINITIALIZED_AUTOS = YES_AGGRESSIVE;
				GCC_WARN_UNUSED_FUNCTION = YES;
				GCC_WARN_UNUSED_VARIABLE = YES;
				IPHONEOS_DEPLOYMENT_TARGET = 9.3;
				MTL_ENABLE_DEBUG_INFO = YES;
				ONLY_ACTIVE_ARCH = YES;
				SDKROOT = iphoneos;
			};
			name = Debug;
		};
		8E16504F1CF800C6008F5DFF /* Release */ = {
			isa = XCBuildConfiguration;
			buildSettings = {
				ALWAYS_SEARCH_USER_PATHS = NO;
				CLANG_ANALYZER_NONNULL = YES;
				CLANG_CXX_LANGUAGE_STANDARD = "gnu++0x";
				CLANG_CXX_LIBRARY = "libc++";
				CLANG_ENABLE_MODULES = YES;
				CLANG_ENABLE_OBJC_ARC = YES;
				CLANG_WARN_BOOL_CONVERSION = YES;
				CLANG_WARN_CONSTANT_CONVERSION = YES;
				CLANG_WARN_DIRECT_OBJC_ISA_USAGE = YES_ERROR;
				CLANG_WARN_EMPTY_BODY = YES;
				CLANG_WARN_ENUM_CONVERSION = YES;
				CLANG_WARN_INT_CONVERSION = YES;
				CLANG_WARN_OBJC_ROOT_CLASS = YES_ERROR;
				CLANG_WARN_UNREACHABLE_CODE = YES;
				CLANG_WARN__DUPLICATE_METHOD_MATCH = YES;
				"CODE_SIGN_IDENTITY[sdk=iphoneos*]" = "iPhone Developer";
				COPY_PHASE_STRIP = NO;
				DEBUG_INFORMATION_FORMAT = "dwarf-with-dsym";
				ENABLE_NS_ASSERTIONS = NO;
				ENABLE_STRICT_OBJC_MSGSEND = YES;
				GCC_C_LANGUAGE_STANDARD = gnu99;
				GCC_NO_COMMON_BLOCKS = YES;
				GCC_WARN_64_TO_32_BIT_CONVERSION = YES;
				GCC_WARN_ABOUT_RETURN_TYPE = YES_ERROR;
				GCC_WARN_UNDECLARED_SELECTOR = YES;
				GCC_WARN_UNINITIALIZED_AUTOS = YES_AGGRESSIVE;
				GCC_WARN_UNUSED_FUNCTION = YES;
				GCC_WARN_UNUSED_VARIABLE = YES;
				IPHONEOS_DEPLOYMENT_TARGET = 9.3;
				MTL_ENABLE_DEBUG_INFO = NO;
				SDKROOT = iphoneos;
				VALIDATE_PRODUCT = YES;
			};
			name = Release;
		};
		8E1650511CF800C6008F5DFF /* Debug */ = {
			isa = XCBuildConfiguration;
			buildSettings = {
				ASSETCATALOG_COMPILER_APPICON_NAME = AppIcon;
				INFOPLIST_FILE = WebViewTest/Info.plist;
				LD_RUNPATH_SEARCH_PATHS = "$(inherited) @executable_path/Frameworks";
				PRODUCT_BUNDLE_IDENTIFIER = ven2s.WebViewTest;
				PRODUCT_NAME = "$(TARGET_NAME)";
			};
			name = Debug;
		};
		8E1650521CF800C6008F5DFF /* Release */ = {
			isa = XCBuildConfiguration;
			buildSettings = {
				ASSETCATALOG_COMPILER_APPICON_NAME = AppIcon;
				INFOPLIST_FILE = WebViewTest/Info.plist;
				LD_RUNPATH_SEARCH_PATHS = "$(inherited) @executable_path/Frameworks";
				PRODUCT_BUNDLE_IDENTIFIER = ven2s.WebViewTest;
				PRODUCT_NAME = "$(TARGET_NAME)";
			};
			name = Release;
		};
/* End XCBuildConfiguration section */

/* Begin XCConfigurationList section */
		8E1650341CF800C6008F5DFF /* Build configuration list for PBXProject "WebViewTest" */ = {
			isa = XCConfigurationList;
			buildConfigurations = (
				8E16504E1CF800C6008F5DFF /* Debug */,
				8E16504F1CF800C6008F5DFF /* Release */,
			);
			defaultConfigurationIsVisible = 0;
			defaultConfigurationName = Release;
		};
		8E1650501CF800C6008F5DFF /* Build configuration list for PBXNativeTarget "WebViewTest" */ = {
			isa = XCConfigurationList;
			buildConfigurations = (
				8E1650511CF800C6008F5DFF /* Debug */,
				8E1650521CF800C6008F5DFF /* Release */,
			);
			defaultConfigurationIsVisible = 0;
			defaultConfigurationName = Release;
		};
/* End XCConfigurationList section */
	};
	rootObject = 8E1650311CF800C6008F5DFF /* Project object */;
}
